# This file is automatically @generated by Cargo.
# It is not intended for manual editing.
version = 3

[[package]]
name = "aho-corasick"
version = "0.3.4"
source = "registry+https://github.com/rust-lang/crates.io-index"
checksum = "f5314d38125dc9b9ca99ed19a516eb19feac7bf8b22b5b32993c971bf8cb2a4d"
dependencies = [
 "memchr",
]

[[package]]
name = "dependabot"
version = "0.1.0"
dependencies = [
 "regex",
 "time",
]

[[package]]
name = "libc"
version = "0.2.40"
source = "registry+https://github.com/rust-lang/crates.io-index"
checksum = "6fd41f331ac7c5b8ac259b8bf82c75c0fb2e469bbf37d2becbba9a6a2221965b"

[[package]]
name = "memchr"
version = "0.1.11"
source = "registry+https://github.com/rust-lang/crates.io-index"
checksum = "d8b629fb514376c675b98c1421e80b151d3817ac42d7c667717d282761418d20"
dependencies = [
 "libc",
]

[[package]]
name = "regex"
version = "0.1.41"
source = "registry+https://github.com/rust-lang/crates.io-index"
checksum = "4499ef755e709fbfe334ecbc3206537e84952ead5347791b0f54c2b75fe63a28"
dependencies = [
 "aho-corasick",
 "memchr",
 "regex-syntax",
]

[[package]]
name = "regex-syntax"
version = "0.2.6"
source = "registry+https://github.com/rust-lang/crates.io-index"
checksum = "a21935ce5a4dfa48e3ded1aefbbe353fb9ab258b0d3fa0bd168bef00797b3dc7"

[[package]]
name = "time"
version = "0.2.0"
source = "registry+https://github.com/rust-lang/crates.io-index"
checksum = "fcc26de0a81a07c8352b548977862908fa9863e0e6e4f0eb36b2a9f4f8845585"
